
Microsoft Visual Studio Solution File, Format Version 12.00
# Visual Studio Version 17
VisualStudioVersion = 17.2.32516.85
MinimumVisualStudioVersion = 10.0.40219.1
Project("{FAE04EC0-301F-11D3-BF4B-00C04F79EFBC}") = "WebServis2", "WebServis2.csproj", "{6A0B339C-C7F7-476D-B0DC-75FF1117BAFB}"
EndProject
Global
	GlobalSection(SolutionConfigurationPlatforms) = preSolution
		Debug|Any CPU = Debug|Any CPU
		Release|Any CPU = Release|Any CPU
	EndGlobalSection
	GlobalSection(ProjectConfigurationPlatforms) = postSolution
		{6A0B339C-C7F7-476D-B0DC-75FF1117BAFB}.Debug|Any CPU.ActiveCfg = Debug|Any CPU
		{6A0B339C-C7F7-476D-B0DC-75FF1117BAFB}.Debug|Any CPU.Build.0 = Debug|Any CPU
		{6A0B339C-C7F7-476D-B0DC-75FF1117BAFB}.Release|Any CPU.ActiveCfg = Release|Any CPU
		{6A0B339C-C7F7-476D-B0DC-75FF1117BAFB}.Release|Any CPU.Build.0 = Release|Any CPU
	EndGlobalSection
	GlobalSection(SolutionProperties) = preSolution
		HideSolutionNode = FALSE
	EndGlobalSection
	GlobalSection(ExtensibilityGlobals) = postSolution
		SolutionGuid = {262B63F0-59EA-40A2-AB23-0115CB62CB96}
	EndGlobalSection
EndGlobal
